
Microsoft Visual Studio Solution File, Format Version 12.00
# Visual Studio Version 17
VisualStudioVersion = 17.9.34622.214
MinimumVisualStudioVersion = 10.0.40219.1
Project("{9A19103F-16F7-4668-BE54-9A1E7A4F7556}") = "AppView", "Login_Form\AppView.csproj", "{2BCD499E-DC63-4416-B401-F9402B2ED751}"
EndProject
Global
	GlobalSection(SolutionConfigurationPlatforms) = preSolution
		Debug|Any CPU = Debug|Any CPU
		Release|Any CPU = Release|Any CPU
	EndGlobalSection
	GlobalSection(ProjectConfigurationPlatforms) = postSolution
		{2BCD499E-DC63-4416-B401-F9402B2ED751}.Debug|Any CPU.ActiveCfg = Debug|Any CPU
		{2BCD499E-DC63-4416-B401-F9402B2ED751}.Debug|Any CPU.Build.0 = Debug|Any CPU
		{2BCD499E-DC63-4416-B401-F9402B2ED751}.Release|Any CPU.ActiveCfg = Release|Any CPU
		{2BCD499E-DC63-4416-B401-F9402B2ED751}.Release|Any CPU.Build.0 = Release|Any CPU
	EndGlobalSection
	GlobalSection(SolutionProperties) = preSolution
		HideSolutionNode = FALSE
	EndGlobalSection
	GlobalSection(ExtensibilityGlobals) = postSolution
		SolutionGuid = {B29D6F5A-6E6B-4597-8114-EFB1A09B40D6}
	EndGlobalSection
EndGlobal
